
Microsoft Visual Studio Solution File, Format Version 12.00
# Visual Studio Version 17
VisualStudioVersion = 17.2.32526.322
MinimumVisualStudioVersion = 10.0.40219.1
Project("{9A19103F-16F7-4668-BE54-9A1E7A4F7556}") = "ElevenNoteWebApp.Server", "ElevenNoteWebApp\Server\ElevenNoteWebApp.Server.csproj", "{F9AB3E2A-7AF7-4DEC-AE50-34184650B447}"
EndProject
Project("{9A19103F-16F7-4668-BE54-9A1E7A4F7556}") = "ElevenNoteWebApp.Client", "ElevenNoteWebApp\Client\ElevenNoteWebApp.Client.csproj", "{546765EA-F15D-4416-AB13-3DF23B2DFFA5}"
EndProject
Project("{9A19103F-16F7-4668-BE54-9A1E7A4F7556}") = "ElevenNoteWebApp.Shared", "ElevenNoteWebApp\Shared\ElevenNoteWebApp.Shared.csproj", "{4BFAE79B-3285-41B7-9089-1ECE71C43AB2}"
EndProject
Global
	GlobalSection(SolutionConfigurationPlatforms) = preSolution
		Debug|Any CPU = Debug|Any CPU
		Release|Any CPU = Release|Any CPU
	EndGlobalSection
	GlobalSection(ProjectConfigurationPlatforms) = postSolution
		{F9AB3E2A-7AF7-4DEC-AE50-34184650B447}.Debug|Any CPU.ActiveCfg = Debug|Any CPU
		{F9AB3E2A-7AF7-4DEC-AE50-34184650B447}.Debug|Any CPU.Build.0 = Debug|Any CPU
		{F9AB3E2A-7AF7-4DEC-AE50-34184650B447}.Release|Any CPU.ActiveCfg = Release|Any CPU
		{F9AB3E2A-7AF7-4DEC-AE50-34184650B447}.Release|Any CPU.Build.0 = Release|Any CPU
		{546765EA-F15D-4416-AB13-3DF23B2DFFA5}.Debug|Any CPU.ActiveCfg = Debug|Any CPU
		{546765EA-F15D-4416-AB13-3DF23B2DFFA5}.Debug|Any CPU.Build.0 = Debug|Any CPU
		{546765EA-F15D-4416-AB13-3DF23B2DFFA5}.Release|Any CPU.ActiveCfg = Release|Any CPU
		{546765EA-F15D-4416-AB13-3DF23B2DFFA5}.Release|Any CPU.Build.0 = Release|Any CPU
		{4BFAE79B-3285-41B7-9089-1ECE71C43AB2}.Debug|Any CPU.ActiveCfg = Debug|Any CPU
		{4BFAE79B-3285-41B7-9089-1ECE71C43AB2}.Debug|Any CPU.Build.0 = Debug|Any CPU
		{4BFAE79B-3285-41B7-9089-1ECE71C43AB2}.Release|Any CPU.ActiveCfg = Release|Any CPU
		{4BFAE79B-3285-41B7-9089-1ECE71C43AB2}.Release|Any CPU.Build.0 = Release|Any CPU
	EndGlobalSection
	GlobalSection(SolutionProperties) = preSolution
		HideSolutionNode = FALSE
	EndGlobalSection
	GlobalSection(ExtensibilityGlobals) = postSolution
		SolutionGuid = {A70F37C5-A87C-404E-AB96-A6FB3BBD7AEC}
	EndGlobalSection
EndGlobal
